// !$*UTF8*$!
{
	archiveVersion = 1;
	classes = {
	};
	objectVersion = 56;
	objects = {

/* Begin PBXBuildFile section */
		F319349429280A6300CF0542 /* AppDelegate.swift in Sources */ = {isa = PBXBuildFile; fileRef = F319349329280A6300CF0542 /* AppDelegate.swift */; };
		F319349629280A6300CF0542 /* SceneDelegate.swift in Sources */ = {isa = PBXBuildFile; fileRef = F319349529280A6300CF0542 /* SceneDelegate.swift */; };
		F319349829280A6300CF0542 /* ViewController.swift in Sources */ = {isa = PBXBuildFile; fileRef = F319349729280A6300CF0542 /* ViewController.swift */; };
		F319349B29280A6300CF0542 /* Main.storyboard in Resources */ = {isa = PBXBuildFile; fileRef = F319349929280A6300CF0542 /* Main.storyboard */; };
		F319349D29280A6400CF0542 /* Assets.xcassets in Resources */ = {isa = PBXBuildFile; fileRef = F319349C29280A6400CF0542 /* Assets.xcassets */; };
		F31934A029280A6400CF0542 /* LaunchScreen.storyboard in Resources */ = {isa = PBXBuildFile; fileRef = F319349E29280A6400CF0542 /* LaunchScreen.storyboard */; };
		F31934A829280A8400CF0542 /* task One.swift in Sources */ = {isa = PBXBuildFile; fileRef = F31934A729280A8400CF0542 /* task One.swift */; };
		F31934AB29280B1B00CF0542 /* Characters.swift in Sources */ = {isa = PBXBuildFile; fileRef = F31934AA29280B1B00CF0542 /* Characters.swift */; };
		F31934AD29280C5700CF0542 /* task Three.swift in Sources */ = {isa = PBXBuildFile; fileRef = F31934AC29280C5700CF0542 /* task Three.swift */; };
		F31934B129280C6700CF0542 /* task Five.swift in Sources */ = {isa = PBXBuildFile; fileRef = F31934B029280C6700CF0542 /* task Five.swift */; };
		F31934B329280C6E00CF0542 /* task Six Stack.swift in Sources */ = {isa = PBXBuildFile; fileRef = F31934B229280C6E00CF0542 /* task Six Stack.swift */; };
		F371A29529292997002134A4 /* Protocols.swift in Sources */ = {isa = PBXBuildFile; fileRef = F371A29429292997002134A4 /* Protocols.swift */; };
		F371A297292929A0002134A4 /* Constants.swift in Sources */ = {isa = PBXBuildFile; fileRef = F371A296292929A0002134A4 /* Constants.swift */; };
		F371A29929292A57002134A4 /* Structs.swift in Sources */ = {isa = PBXBuildFile; fileRef = F371A29829292A57002134A4 /* Structs.swift */; };
		F371A29B29295A96002134A4 /* task Six LinkedList.swift in Sources */ = {isa = PBXBuildFile; fileRef = F371A29A29295A96002134A4 /* task Six LinkedList.swift */; };
/* End PBXBuildFile section */

/* Begin PBXFileReference section */
		F319349029280A6300CF0542 /* homework 3 @svtbn.app */ = {isa = PBXFileReference; explicitFileType = wrapper.application; includeInIndex = 0; path = "homework 3 @svtbn.app"; sourceTree = BUILT_PRODUCTS_DIR; };
		F319349329280A6300CF0542 /* AppDelegate.swift */ = {isa = PBXFileReference; lastKnownFileType = sourcecode.swift; path = AppDelegate.swift; sourceTree = "<group>"; };
		F319349529280A6300CF0542 /* SceneDelegate.swift */ = {isa = PBXFileReference; lastKnownFileType = sourcecode.swift; path = SceneDelegate.swift; sourceTree = "<group>"; };
		F319349729280A6300CF0542 /* ViewController.swift */ = {isa = PBXFileReference; lastKnownFileType = sourcecode.swift; path = ViewController.swift; sourceTree = "<group>"; };
		F319349A29280A6300CF0542 /* Base */ = {isa = PBXFileReference; lastKnownFileType = file.storyboard; name = Base; path = Base.lproj/Main.storyboard; sourceTree = "<group>"; };
		F319349C29280A6400CF0542 /* Assets.xcassets */ = {isa = PBXFileReference; lastKnownFileType = folder.assetcatalog; path = Assets.xcassets; sourceTree = "<group>"; };
		F319349F29280A6400CF0542 /* Base */ = {isa = PBXFileReference; lastKnownFileType = file.storyboard; name = Base; path = Base.lproj/LaunchScreen.storyboard; sourceTree = "<group>"; };
		F31934A129280A6400CF0542 /* Info.plist */ = {isa = PBXFileReference; lastKnownFileType = text.plist.xml; path = Info.plist; sourceTree = "<group>"; };
		F31934A729280A8400CF0542 /* task One.swift */ = {isa = PBXFileReference; lastKnownFileType = sourcecode.swift; path = "task One.swift"; sourceTree = "<group>"; };
		F31934AA29280B1B00CF0542 /* Characters.swift */ = {isa = PBXFileReference; lastKnownFileType = sourcecode.swift; path = Characters.swift; sourceTree = "<group>"; };
		F31934AC29280C5700CF0542 /* task Three.swift */ = {isa = PBXFileReference; lastKnownFileType = sourcecode.swift; path = "task Three.swift"; sourceTree = "<group>"; };
		F31934B029280C6700CF0542 /* task Five.swift */ = {isa = PBXFileReference; lastKnownFileType = sourcecode.swift; path = "task Five.swift"; sourceTree = "<group>"; };
		F31934B229280C6E00CF0542 /* task Six Stack.swift */ = {isa = PBXFileReference; lastKnownFileType = sourcecode.swift; path = "task Six Stack.swift"; sourceTree = "<group>"; };
		F371A29429292997002134A4 /* Protocols.swift */ = {isa = PBXFileReference; lastKnownFileType = sourcecode.swift; path = Protocols.swift; sourceTree = "<group>"; };
		F371A296292929A0002134A4 /* Constants.swift */ = {isa = PBXFileReference; lastKnownFileType = sourcecode.swift; path = Constants.swift; sourceTree = "<group>"; };
		F371A29829292A57002134A4 /* Structs.swift */ = {isa = PBXFileReference; lastKnownFileType = sourcecode.swift; path = Structs.swift; sourceTree = "<group>"; };
		F371A29A29295A96002134A4 /* task Six LinkedList.swift */ = {isa = PBXFileReference; lastKnownFileType = sourcecode.swift; path = "task Six LinkedList.swift"; sourceTree = "<group>"; };
/* End PBXFileReference section */

/* Begin PBXFrameworksBuildPhase section */
		F319348D29280A6300CF0542 /* Frameworks */ = {
			isa = PBXFrameworksBuildPhase;
			buildActionMask = 2147483647;
			files = (
			);
			runOnlyForDeploymentPostprocessing = 0;
		};
/* End PBXFrameworksBuildPhase section */

/* Begin PBXGroup section */
		F319348729280A6300CF0542 = {
			isa = PBXGroup;
			children = (
				F319349229280A6300CF0542 /* homework 3 @svtbn */,
				F319349129280A6300CF0542 /* Products */,
			);
			sourceTree = "<group>";
		};
		F319349129280A6300CF0542 /* Products */ = {
			isa = PBXGroup;
			children = (
				F319349029280A6300CF0542 /* homework 3 @svtbn.app */,
			);
			name = Products;
			sourceTree = "<group>";
		};
		F319349229280A6300CF0542 /* homework 3 @svtbn */ = {
			isa = PBXGroup;
			children = (
				F31934A929280AE100CF0542 /* Tasks */,
				F319349329280A6300CF0542 /* AppDelegate.swift */,
				F319349529280A6300CF0542 /* SceneDelegate.swift */,
				F319349729280A6300CF0542 /* ViewController.swift */,
				F319349929280A6300CF0542 /* Main.storyboard */,
				F319349C29280A6400CF0542 /* Assets.xcassets */,
				F319349E29280A6400CF0542 /* LaunchScreen.storyboard */,
				F31934A129280A6400CF0542 /* Info.plist */,
			);
			path = "homework 3 @svtbn";
			sourceTree = "<group>";
		};
		F31934A929280AE100CF0542 /* Tasks */ = {
			isa = PBXGroup;
			children = (
				F371A2932929296D002134A4 /* taskTwo */,
				F31934A729280A8400CF0542 /* task One.swift */,
				F31934AC29280C5700CF0542 /* task Three.swift */,
				F31934B029280C6700CF0542 /* task Five.swift */,
				F31934B229280C6E00CF0542 /* task Six Stack.swift */,
				F371A29A29295A96002134A4 /* task Six LinkedList.swift */,
			);
			path = Tasks;
			sourceTree = "<group>";
		};
		F371A2932929296D002134A4 /* taskTwo */ = {
			isa = PBXGroup;
			children = (
				F31934AA29280B1B00CF0542 /* Characters.swift */,
				F371A29429292997002134A4 /* Protocols.swift */,
				F371A296292929A0002134A4 /* Constants.swift */,
				F371A29829292A57002134A4 /* Structs.swift */,
			);
			path = taskTwo;
			sourceTree = "<group>";
		};
/* End PBXGroup section */

/* Begin PBXNativeTarget section */
		F319348F29280A6300CF0542 /* homework 3 @svtbn */ = {
			isa = PBXNativeTarget;
			buildConfigurationList = F31934A429280A6400CF0542 /* Build configuration list for PBXNativeTarget "homework 3 @svtbn" */;
			buildPhases = (
				F319348C29280A6300CF0542 /* Sources */,
				F319348D29280A6300CF0542 /* Frameworks */,
				F319348E29280A6300CF0542 /* Resources */,
			);
			buildRules = (
			);
			dependencies = (
			);
			name = "homework 3 @svtbn";
			productName = "homework 3 @svtbn";
			productReference = F319349029280A6300CF0542 /* homework 3 @svtbn.app */;
			productType = "com.apple.product-type.application";
		};
/* End PBXNativeTarget section */

/* Begin PBXProject section */
		F319348829280A6300CF0542 /* Project object */ = {
			isa = PBXProject;
			attributes = {
				BuildIndependentTargetsInParallel = 1;
				LastSwiftUpdateCheck = 1410;
				LastUpgradeCheck = 1410;
				TargetAttributes = {
					F319348F29280A6300CF0542 = {
						CreatedOnToolsVersion = 14.1;
					};
				};
			};
			buildConfigurationList = F319348B29280A6300CF0542 /* Build configuration list for PBXProject "homework 3 @svtbn" */;
			compatibilityVersion = "Xcode 14.0";
			developmentRegion = en;
			hasScannedForEncodings = 0;
			knownRegions = (
				en,
				Base,
			);
			mainGroup = F319348729280A6300CF0542;
			productRefGroup = F319349129280A6300CF0542 /* Products */;
			projectDirPath = "";
			projectRoot = "";
			targets = (
				F319348F29280A6300CF0542 /* homework 3 @svtbn */,
			);
		};
/* End PBXProject section */

/* Begin PBXResourcesBuildPhase section */
		F319348E29280A6300CF0542 /* Resources */ = {
			isa = PBXResourcesBuildPhase;
			buildActionMask = 2147483647;
			files = (
				F31934A029280A6400CF0542 /* LaunchScreen.storyboard in Resources */,
				F319349D29280A6400CF0542 /* Assets.xcassets in Resources */,
				F319349B29280A6300CF0542 /* Main.storyboard in Resources */,
			);
			runOnlyForDeploymentPostprocessing = 0;
		};
/* End PBXResourcesBuildPhase section */

/* Begin PBXSourcesBuildPhase section */
		F319348C29280A6300CF0542 /* Sources */ = {
			isa = PBXSourcesBuildPhase;
			buildActionMask = 2147483647;
			files = (
				F31934AB29280B1B00CF0542 /* Characters.swift in Sources */,
				F319349829280A6300CF0542 /* ViewController.swift in Sources */,
				F31934AD29280C5700CF0542 /* task Three.swift in Sources */,
				F371A29929292A57002134A4 /* Structs.swift in Sources */,
				F371A29529292997002134A4 /* Protocols.swift in Sources */,
				F31934B329280C6E00CF0542 /* task Six Stack.swift in Sources */,
				F371A29B29295A96002134A4 /* task Six LinkedList.swift in Sources */,
				F371A297292929A0002134A4 /* Constants.swift in Sources */,
				F319349429280A6300CF0542 /* AppDelegate.swift in Sources */,
				F31934A829280A8400CF0542 /* task One.swift in Sources */,
				F319349629280A6300CF0542 /* SceneDelegate.swift in Sources */,
				F31934B129280C6700CF0542 /* task Five.swift in Sources */,
			);
			runOnlyForDeploymentPostprocessing = 0;
		};
/* End PBXSourcesBuildPhase section */

/* Begin PBXVariantGroup section */
		F319349929280A6300CF0542 /* Main.storyboard */ = {
			isa = PBXVariantGroup;
			children = (
				F319349A29280A6300CF0542 /* Base */,
			);
			name = Main.storyboard;
			sourceTree = "<group>";
		};
		F319349E29280A6400CF0542 /* LaunchScreen.storyboard */ = {
			isa = PBXVariantGroup;
			children = (
				F319349F29280A6400CF0542 /* Base */,
			);
			name = LaunchScreen.storyboard;
			sourceTree = "<group>";
		};
/* End PBXVariantGroup section */

/* Begin XCBuildConfiguration section */
		F31934A229280A6400CF0542 /* Debug */ = {
			isa = XCBuildConfiguration;
			buildSettings = {
				ALWAYS_SEARCH_USER_PATHS = NO;
				CLANG_ANALYZER_NONNULL = YES;
				CLANG_ANALYZER_NUMBER_OBJECT_CONVERSION = YES_AGGRESSIVE;
				CLANG_CXX_LANGUAGE_STANDARD = "gnu++20";
				CLANG_ENABLE_MODULES = YES;
				CLANG_ENABLE_OBJC_ARC = YES;
				CLANG_ENABLE_OBJC_WEAK = YES;
				CLANG_WARN_BLOCK_CAPTURE_AUTORELEASING = YES;
				CLANG_WARN_BOOL_CONVERSION = YES;
				CLANG_WARN_COMMA = YES;
				CLANG_WARN_CONSTANT_CONVERSION = YES;
				CLANG_WARN_DEPRECATED_OBJC_IMPLEMENTATIONS = YES;
				CLANG_WARN_DIRECT_OBJC_ISA_USAGE = YES_ERROR;
				CLANG_WARN_DOCUMENTATION_COMMENTS = YES;
				CLANG_WARN_EMPTY_BODY = YES;
				CLANG_WARN_ENUM_CONVERSION = YES;
				CLANG_WARN_INFINITE_RECURSION = YES;
				CLANG_WARN_INT_CONVERSION = YES;
				CLANG_WARN_NON_LITERAL_NULL_CONVERSION = YES;
				CLANG_WARN_OBJC_IMPLICIT_RETAIN_SELF = YES;
				CLANG_WARN_OBJC_LITERAL_CONVERSION = YES;
				CLANG_WARN_OBJC_ROOT_CLASS = YES_ERROR;
				CLANG_WARN_QUOTED_INCLUDE_IN_FRAMEWORK_HEADER = YES;
				CLANG_WARN_RANGE_LOOP_ANALYSIS = YES;
				CLANG_WARN_STRICT_PROTOTYPES = YES;
				CLANG_WARN_SUSPICIOUS_MOVE = YES;
				CLANG_WARN_UNGUARDED_AVAILABILITY = YES_AGGRESSIVE;
				CLANG_WARN_UNREACHABLE_CODE = YES;
				CLANG_WARN__DUPLICATE_METHOD_MATCH = YES;
				COPY_PHASE_STRIP = NO;
				DEBUG_INFORMATION_FORMAT = dwarf;
				ENABLE_STRICT_OBJC_MSGSEND = YES;
				ENABLE_TESTABILITY = YES;
				GCC_C_LANGUAGE_STANDARD = gnu11;
				GCC_DYNAMIC_NO_PIC = NO;
				GCC_NO_COMMON_BLOCKS = YES;
				GCC_OPTIMIZATION_LEVEL = 0;
				GCC_PREPROCESSOR_DEFINITIONS = (
					"DEBUG=1",
					"$(inherited)",
				);
				GCC_WARN_64_TO_32_BIT_CONVERSION = YES;
				GCC_WARN_ABOUT_RETURN_TYPE = YES_ERROR;
				GCC_WARN_UNDECLARED_SELECTOR = YES;
				GCC_WARN_UNINITIALIZED_AUTOS = YES_AGGRESSIVE;
				GCC_WARN_UNUSED_FUNCTION = YES;
				GCC_WARN_UNUSED_VARIABLE = YES;
				IPHONEOS_DEPLOYMENT_TARGET = 16.1;
				MTL_ENABLE_DEBUG_INFO = INCLUDE_SOURCE;
				MTL_FAST_MATH = YES;
				ONLY_ACTIVE_ARCH = YES;
				SDKROOT = iphoneos;
				SWIFT_ACTIVE_COMPILATION_CONDITIONS = DEBUG;
				SWIFT_OPTIMIZATION_LEVEL = "-Onone";
			};
			name = Debug;
		};
		F31934A329280A6400CF0542 /* Release */ = {
			isa = XCBuildConfiguration;
			buildSettings = {
				ALWAYS_SEARCH_USER_PATHS = NO;
				CLANG_ANALYZER_NONNULL = YES;
				CLANG_ANALYZER_NUMBER_OBJECT_CONVERSION = YES_AGGRESSIVE;
				CLANG_CXX_LANGUAGE_STANDARD = "gnu++20";
				CLANG_ENABLE_MODULES = YES;
				CLANG_ENABLE_OBJC_ARC = YES;
				CLANG_ENABLE_OBJC_WEAK = YES;
				CLANG_WARN_BLOCK_CAPTURE_AUTORELEASING = YES;
				CLANG_WARN_BOOL_CONVERSION = YES;
				CLANG_WARN_COMMA = YES;
				CLANG_WARN_CONSTANT_CONVERSION = YES;
				CLANG_WARN_DEPRECATED_OBJC_IMPLEMENTATIONS = YES;
				CLANG_WARN_DIRECT_OBJC_ISA_USAGE = YES_ERROR;
				CLANG_WARN_DOCUMENTATION_COMMENTS = YES;
				CLANG_WARN_EMPTY_BODY = YES;
				CLANG_WARN_ENUM_CONVERSION = YES;
				CLANG_WARN_INFINITE_RECURSION = YES;
				CLANG_WARN_INT_CONVERSION = YES;
				CLANG_WARN_NON_LITERAL_NULL_CONVERSION = YES;
				CLANG_WARN_OBJC_IMPLICIT_RETAIN_SELF = YES;
				CLANG_WARN_OBJC_LITERAL_CONVERSION = YES;
				CLANG_WARN_OBJC_ROOT_CLASS = YES_ERROR;
				CLANG_WARN_QUOTED_INCLUDE_IN_FRAMEWORK_HEADER = YES;
				CLANG_WARN_RANGE_LOOP_ANALYSIS = YES;
				CLANG_WARN_STRICT_PROTOTYPES = YES;
				CLANG_WARN_SUSPICIOUS_MOVE = YES;
				CLANG_WARN_UNGUARDED_AVAILABILITY = YES_AGGRESSIVE;
				CLANG_WARN_UNREACHABLE_CODE = YES;
				CLANG_WARN__DUPLICATE_METHOD_MATCH = YES;
				COPY_PHASE_STRIP = NO;
				DEBUG_INFORMATION_FORMAT = "dwarf-with-dsym";
				ENABLE_NS_ASSERTIONS = NO;
				ENABLE_STRICT_OBJC_MSGSEND = YES;
				GCC_C_LANGUAGE_STANDARD = gnu11;
				GCC_NO_COMMON_BLOCKS = YES;
				GCC_WARN_64_TO_32_BIT_CONVERSION = YES;
				GCC_WARN_ABOUT_RETURN_TYPE = YES_ERROR;
				GCC_WARN_UNDECLARED_SELECTOR = YES;
				GCC_WARN_UNINITIALIZED_AUTOS = YES_AGGRESSIVE;
				GCC_WARN_UNUSED_FUNCTION = YES;
				GCC_WARN_UNUSED_VARIABLE = YES;
				IPHONEOS_DEPLOYMENT_TARGET = 16.1;
				MTL_ENABLE_DEBUG_INFO = NO;
				MTL_FAST_MATH = YES;
				SDKROOT = iphoneos;
				SWIFT_COMPILATION_MODE = wholemodule;
				SWIFT_OPTIMIZATION_LEVEL = "-O";
				VALIDATE_PRODUCT = YES;
			};
			name = Release;
		};
		F31934A529280A6400CF0542 /* Debug */ = {
			isa = XCBuildConfiguration;
			buildSettings = {
				ASSETCATALOG_COMPILER_APPICON_NAME = AppIcon;
				ASSETCATALOG_COMPILER_GLOBAL_ACCENT_COLOR_NAME = AccentColor;
				CODE_SIGN_STYLE = Automatic;
				CURRENT_PROJECT_VERSION = 1;
				DEVELOPMENT_TEAM = 8LNN887G52;
				GENERATE_INFOPLIST_FILE = YES;
				INFOPLIST_FILE = "homework 3 @svtbn/Info.plist";
				INFOPLIST_KEY_UIApplicationSupportsIndirectInputEvents = YES;
				INFOPLIST_KEY_UILaunchStoryboardName = LaunchScreen;
				INFOPLIST_KEY_UIMainStoryboardFile = Main;
				INFOPLIST_KEY_UISupportedInterfaceOrientations_iPad = "UIInterfaceOrientationPortrait UIInterfaceOrientationPortraitUpsideDown UIInterfaceOrientationLandscapeLeft UIInterfaceOrientationLandscapeRight";
				INFOPLIST_KEY_UISupportedInterfaceOrientations_iPhone = "UIInterfaceOrientationPortrait UIInterfaceOrientationLandscapeLeft UIInterfaceOrientationLandscapeRight";
				LD_RUNPATH_SEARCH_PATHS = (
					"$(inherited)",
					"@executable_path/Frameworks",
				);
				MARKETING_VERSION = 1.0;
				PRODUCT_BUNDLE_IDENTIFIER = "sb.homework-3--svtbn";
				PRODUCT_NAME = "$(TARGET_NAME)";
				SWIFT_EMIT_LOC_STRINGS = YES;
				SWIFT_VERSION = 5.0;
				TARGETED_DEVICE_FAMILY = "1,2";
			};
			name = Debug;
		};
		F31934A629280A6400CF0542 /* Release */ = {
			isa = XCBuildConfiguration;
			buildSettings = {
				ASSETCATALOG_COMPILER_APPICON_NAME = AppIcon;
				ASSETCATALOG_COMPILER_GLOBAL_ACCENT_COLOR_NAME = AccentColor;
				CODE_SIGN_STYLE = Automatic;
				CURRENT_PROJECT_VERSION = 1;
				DEVELOPMENT_TEAM = 8LNN887G52;
				GENERATE_INFOPLIST_FILE = YES;
				INFOPLIST_FILE = "homework 3 @svtbn/Info.plist";
				INFOPLIST_KEY_UIApplicationSupportsIndirectInputEvents = YES;
				INFOPLIST_KEY_UILaunchStoryboardName = LaunchScreen;
				INFOPLIST_KEY_UIMainStoryboardFile = Main;
				INFOPLIST_KEY_UISupportedInterfaceOrientations_iPad = "UIInterfaceOrientationPortrait UIInterfaceOrientationPortraitUpsideDown UIInterfaceOrientationLandscapeLeft UIInterfaceOrientationLandscapeRight";
				INFOPLIST_KEY_UISupportedInterfaceOrientations_iPhone = "UIInterfaceOrientationPortrait UIInterfaceOrientationLandscapeLeft UIInterfaceOrientationLandscapeRight";
				LD_RUNPATH_SEARCH_PATHS = (
					"$(inherited)",
					"@executable_path/Frameworks",
				);
				MARKETING_VERSION = 1.0;
				PRODUCT_BUNDLE_IDENTIFIER = "sb.homework-3--svtbn";
				PRODUCT_NAME = "$(TARGET_NAME)";
				SWIFT_EMIT_LOC_STRINGS = YES;
				SWIFT_VERSION = 5.0;
				TARGETED_DEVICE_FAMILY = "1,2";
			};
			name = Release;
		};
/* End XCBuildConfiguration section */

/* Begin XCConfigurationList section */
		F319348B29280A6300CF0542 /* Build configuration list for PBXProject "homework 3 @svtbn" */ = {
			isa = XCConfigurationList;
			buildConfigurations = (
				F31934A229280A6400CF0542 /* Debug */,
				F31934A329280A6400CF0542 /* Release */,
			);
			defaultConfigurationIsVisible = 0;
			defaultConfigurationName = Release;
		};
		F31934A429280A6400CF0542 /* Build configuration list for PBXNativeTarget "homework 3 @svtbn" */ = {
			isa = XCConfigurationList;
			buildConfigurations = (
				F31934A529280A6400CF0542 /* Debug */,
				F31934A629280A6400CF0542 /* Release */,
			);
			defaultConfigurationIsVisible = 0;
			defaultConfigurationName = Release;
		};
/* End XCConfigurationList section */
	};
	rootObject = F319348829280A6300CF0542 /* Project object */;
}
