// !$*UTF8*$!
{
	archiveVersion = 1;
	classes = {
	};
	objectVersion = 56;
	objects = {

/* Begin PBXBuildFile section */
		F3FB8A852949F4FF00E6FD98 /* AppDelegate.swift in Sources */ = {isa = PBXBuildFile; fileRef = F3FB8A842949F4FF00E6FD98 /* AppDelegate.swift */; };
		F3FB8A872949F4FF00E6FD98 /* SceneDelegate.swift in Sources */ = {isa = PBXBuildFile; fileRef = F3FB8A862949F4FF00E6FD98 /* SceneDelegate.swift */; };
		F3FB8A892949F4FF00E6FD98 /* ViewController.swift in Sources */ = {isa = PBXBuildFile; fileRef = F3FB8A882949F4FF00E6FD98 /* ViewController.swift */; };
		F3FB8A8C2949F4FF00E6FD98 /* Main.storyboard in Resources */ = {isa = PBXBuildFile; fileRef = F3FB8A8A2949F4FF00E6FD98 /* Main.storyboard */; };
		F3FB8A8E2949F50000E6FD98 /* Assets.xcassets in Resources */ = {isa = PBXBuildFile; fileRef = F3FB8A8D2949F50000E6FD98 /* Assets.xcassets */; };
		F3FB8A912949F50000E6FD98 /* LaunchScreen.storyboard in Resources */ = {isa = PBXBuildFile; fileRef = F3FB8A8F2949F50000E6FD98 /* LaunchScreen.storyboard */; };
		F3FB8A992949FF6100E6FD98 /* InfoViewController.swift in Sources */ = {isa = PBXBuildFile; fileRef = F3FB8A982949FF6100E6FD98 /* InfoViewController.swift */; };
		F3FB8A9B294A0A0500E6FD98 /* InfoViewControllerExtension.swift in Sources */ = {isa = PBXBuildFile; fileRef = F3FB8A9A294A0A0500E6FD98 /* InfoViewControllerExtension.swift */; };
		F3FB8A9D294A0A3000E6FD98 /* VC_DataSource_Delegate.swift in Sources */ = {isa = PBXBuildFile; fileRef = F3FB8A9C294A0A3000E6FD98 /* VC_DataSource_Delegate.swift */; };
		F3FB8A9F294A0A8A00E6FD98 /* Constants.swift in Sources */ = {isa = PBXBuildFile; fileRef = F3FB8A9E294A0A8A00E6FD98 /* Constants.swift */; };
/* End PBXBuildFile section */

/* Begin PBXFileReference section */
		F3FB8A812949F4FF00E6FD98 /* hw 7 @svtbn.app */ = {isa = PBXFileReference; explicitFileType = wrapper.application; includeInIndex = 0; path = "hw 7 @svtbn.app"; sourceTree = BUILT_PRODUCTS_DIR; };
		F3FB8A842949F4FF00E6FD98 /* AppDelegate.swift */ = {isa = PBXFileReference; lastKnownFileType = sourcecode.swift; path = AppDelegate.swift; sourceTree = "<group>"; };
		F3FB8A862949F4FF00E6FD98 /* SceneDelegate.swift */ = {isa = PBXFileReference; lastKnownFileType = sourcecode.swift; path = SceneDelegate.swift; sourceTree = "<group>"; };
		F3FB8A882949F4FF00E6FD98 /* ViewController.swift */ = {isa = PBXFileReference; lastKnownFileType = sourcecode.swift; path = ViewController.swift; sourceTree = "<group>"; };
		F3FB8A8B2949F4FF00E6FD98 /* Base */ = {isa = PBXFileReference; lastKnownFileType = file.storyboard; name = Base; path = Base.lproj/Main.storyboard; sourceTree = "<group>"; };
		F3FB8A8D2949F50000E6FD98 /* Assets.xcassets */ = {isa = PBXFileReference; lastKnownFileType = folder.assetcatalog; path = Assets.xcassets; sourceTree = "<group>"; };
		F3FB8A902949F50000E6FD98 /* Base */ = {isa = PBXFileReference; lastKnownFileType = file.storyboard; name = Base; path = Base.lproj/LaunchScreen.storyboard; sourceTree = "<group>"; };
		F3FB8A922949F50000E6FD98 /* Info.plist */ = {isa = PBXFileReference; lastKnownFileType = text.plist.xml; path = Info.plist; sourceTree = "<group>"; };
		F3FB8A982949FF6100E6FD98 /* InfoViewController.swift */ = {isa = PBXFileReference; lastKnownFileType = sourcecode.swift; path = InfoViewController.swift; sourceTree = "<group>"; };
		F3FB8A9A294A0A0500E6FD98 /* InfoViewControllerExtension.swift */ = {isa = PBXFileReference; lastKnownFileType = sourcecode.swift; path = InfoViewControllerExtension.swift; sourceTree = "<group>"; };
		F3FB8A9C294A0A3000E6FD98 /* VC_DataSource_Delegate.swift */ = {isa = PBXFileReference; lastKnownFileType = sourcecode.swift; path = VC_DataSource_Delegate.swift; sourceTree = "<group>"; };
		F3FB8A9E294A0A8A00E6FD98 /* Constants.swift */ = {isa = PBXFileReference; lastKnownFileType = sourcecode.swift; path = Constants.swift; sourceTree = "<group>"; };
/* End PBXFileReference section */

/* Begin PBXFrameworksBuildPhase section */
		F3FB8A7E2949F4FF00E6FD98 /* Frameworks */ = {
			isa = PBXFrameworksBuildPhase;
			buildActionMask = 2147483647;
			files = (
			);
			runOnlyForDeploymentPostprocessing = 0;
		};
/* End PBXFrameworksBuildPhase section */

/* Begin PBXGroup section */
		F3CE7772294B1F2F00473FC4 /* ViewController */ = {
			isa = PBXGroup;
			children = (
				F3FB8A882949F4FF00E6FD98 /* ViewController.swift */,
				F3FB8A9C294A0A3000E6FD98 /* VC_DataSource_Delegate.swift */,
			);
			path = ViewController;
			sourceTree = "<group>";
		};
		F3CE7773294B1F4400473FC4 /* InfoViewController */ = {
			isa = PBXGroup;
			children = (
				F3FB8A982949FF6100E6FD98 /* InfoViewController.swift */,
				F3FB8A9A294A0A0500E6FD98 /* InfoViewControllerExtension.swift */,
			);
			path = InfoViewController;
			sourceTree = "<group>";
		};
		F3CE7774294B200300473FC4 /* App_Scene */ = {
			isa = PBXGroup;
			children = (
				F3FB8A842949F4FF00E6FD98 /* AppDelegate.swift */,
				F3FB8A862949F4FF00E6FD98 /* SceneDelegate.swift */,
			);
			path = App_Scene;
			sourceTree = "<group>";
		};
		F3FB8A782949F4FF00E6FD98 = {
			isa = PBXGroup;
			children = (
				F3FB8A832949F4FF00E6FD98 /* hw 7 @svtbn */,
				F3FB8A822949F4FF00E6FD98 /* Products */,
			);
			sourceTree = "<group>";
		};
		F3FB8A822949F4FF00E6FD98 /* Products */ = {
			isa = PBXGroup;
			children = (
				F3FB8A812949F4FF00E6FD98 /* hw 7 @svtbn.app */,
			);
			name = Products;
			sourceTree = "<group>";
		};
		F3FB8A832949F4FF00E6FD98 /* hw 7 @svtbn */ = {
			isa = PBXGroup;
			children = (
				F3CE7774294B200300473FC4 /* App_Scene */,
				F3CE7773294B1F4400473FC4 /* InfoViewController */,
				F3CE7772294B1F2F00473FC4 /* ViewController */,
				F3FB8A8A2949F4FF00E6FD98 /* Main.storyboard */,
				F3FB8A8D2949F50000E6FD98 /* Assets.xcassets */,
				F3FB8A8F2949F50000E6FD98 /* LaunchScreen.storyboard */,
				F3FB8A922949F50000E6FD98 /* Info.plist */,
				F3FB8A9E294A0A8A00E6FD98 /* Constants.swift */,
			);
			path = "hw 7 @svtbn";
			sourceTree = "<group>";
		};
/* End PBXGroup section */

/* Begin PBXNativeTarget section */
		F3FB8A802949F4FF00E6FD98 /* hw 7 @svtbn */ = {
			isa = PBXNativeTarget;
			buildConfigurationList = F3FB8A952949F50000E6FD98 /* Build configuration list for PBXNativeTarget "hw 7 @svtbn" */;
			buildPhases = (
				F3FB8A7D2949F4FF00E6FD98 /* Sources */,
				F3FB8A7E2949F4FF00E6FD98 /* Frameworks */,
				F3FB8A7F2949F4FF00E6FD98 /* Resources */,
			);
			buildRules = (
			);
			dependencies = (
			);
			name = "hw 7 @svtbn";
			productName = "hw 7 @svtbn";
			productReference = F3FB8A812949F4FF00E6FD98 /* hw 7 @svtbn.app */;
			productType = "com.apple.product-type.application";
		};
/* End PBXNativeTarget section */

/* Begin PBXProject section */
		F3FB8A792949F4FF00E6FD98 /* Project object */ = {
			isa = PBXProject;
			attributes = {
				BuildIndependentTargetsInParallel = 1;
				LastSwiftUpdateCheck = 1410;
				LastUpgradeCheck = 1410;
				TargetAttributes = {
					F3FB8A802949F4FF00E6FD98 = {
						CreatedOnToolsVersion = 14.1;
					};
				};
			};
			buildConfigurationList = F3FB8A7C2949F4FF00E6FD98 /* Build configuration list for PBXProject "hw 7 @svtbn" */;
			compatibilityVersion = "Xcode 14.0";
			developmentRegion = en;
			hasScannedForEncodings = 0;
			knownRegions = (
				en,
				Base,
			);
			mainGroup = F3FB8A782949F4FF00E6FD98;
			productRefGroup = F3FB8A822949F4FF00E6FD98 /* Products */;
			projectDirPath = "";
			projectRoot = "";
			targets = (
				F3FB8A802949F4FF00E6FD98 /* hw 7 @svtbn */,
			);
		};
/* End PBXProject section */

/* Begin PBXResourcesBuildPhase section */
		F3FB8A7F2949F4FF00E6FD98 /* Resources */ = {
			isa = PBXResourcesBuildPhase;
			buildActionMask = 2147483647;
			files = (
				F3FB8A912949F50000E6FD98 /* LaunchScreen.storyboard in Resources */,
				F3FB8A8E2949F50000E6FD98 /* Assets.xcassets in Resources */,
				F3FB8A8C2949F4FF00E6FD98 /* Main.storyboard in Resources */,
			);
			runOnlyForDeploymentPostprocessing = 0;
		};
/* End PBXResourcesBuildPhase section */

/* Begin PBXSourcesBuildPhase section */
		F3FB8A7D2949F4FF00E6FD98 /* Sources */ = {
			isa = PBXSourcesBuildPhase;
			buildActionMask = 2147483647;
			files = (
				F3FB8A892949F4FF00E6FD98 /* ViewController.swift in Sources */,
				F3FB8A9B294A0A0500E6FD98 /* InfoViewControllerExtension.swift in Sources */,
				F3FB8A9D294A0A3000E6FD98 /* VC_DataSource_Delegate.swift in Sources */,
				F3FB8A852949F4FF00E6FD98 /* AppDelegate.swift in Sources */,
				F3FB8A9F294A0A8A00E6FD98 /* Constants.swift in Sources */,
				F3FB8A992949FF6100E6FD98 /* InfoViewController.swift in Sources */,
				F3FB8A872949F4FF00E6FD98 /* SceneDelegate.swift in Sources */,
			);
			runOnlyForDeploymentPostprocessing = 0;
		};
/* End PBXSourcesBuildPhase section */

/* Begin PBXVariantGroup section */
		F3FB8A8A2949F4FF00E6FD98 /* Main.storyboard */ = {
			isa = PBXVariantGroup;
			children = (
				F3FB8A8B2949F4FF00E6FD98 /* Base */,
			);
			name = Main.storyboard;
			sourceTree = "<group>";
		};
		F3FB8A8F2949F50000E6FD98 /* LaunchScreen.storyboard */ = {
			isa = PBXVariantGroup;
			children = (
				F3FB8A902949F50000E6FD98 /* Base */,
			);
			name = LaunchScreen.storyboard;
			sourceTree = "<group>";
		};
/* End PBXVariantGroup section */

/* Begin XCBuildConfiguration section */
		F3FB8A932949F50000E6FD98 /* Debug */ = {
			isa = XCBuildConfiguration;
			buildSettings = {
				ALWAYS_SEARCH_USER_PATHS = NO;
				CLANG_ANALYZER_NONNULL = YES;
				CLANG_ANALYZER_NUMBER_OBJECT_CONVERSION = YES_AGGRESSIVE;
				CLANG_CXX_LANGUAGE_STANDARD = "gnu++20";
				CLANG_ENABLE_MODULES = YES;
				CLANG_ENABLE_OBJC_ARC = YES;
				CLANG_ENABLE_OBJC_WEAK = YES;
				CLANG_WARN_BLOCK_CAPTURE_AUTORELEASING = YES;
				CLANG_WARN_BOOL_CONVERSION = YES;
				CLANG_WARN_COMMA = YES;
				CLANG_WARN_CONSTANT_CONVERSION = YES;
				CLANG_WARN_DEPRECATED_OBJC_IMPLEMENTATIONS = YES;
				CLANG_WARN_DIRECT_OBJC_ISA_USAGE = YES_ERROR;
				CLANG_WARN_DOCUMENTATION_COMMENTS = YES;
				CLANG_WARN_EMPTY_BODY = YES;
				CLANG_WARN_ENUM_CONVERSION = YES;
				CLANG_WARN_INFINITE_RECURSION = YES;
				CLANG_WARN_INT_CONVERSION = YES;
				CLANG_WARN_NON_LITERAL_NULL_CONVERSION = YES;
				CLANG_WARN_OBJC_IMPLICIT_RETAIN_SELF = YES;
				CLANG_WARN_OBJC_LITERAL_CONVERSION = YES;
				CLANG_WARN_OBJC_ROOT_CLASS = YES_ERROR;
				CLANG_WARN_QUOTED_INCLUDE_IN_FRAMEWORK_HEADER = YES;
				CLANG_WARN_RANGE_LOOP_ANALYSIS = YES;
				CLANG_WARN_STRICT_PROTOTYPES = YES;
				CLANG_WARN_SUSPICIOUS_MOVE = YES;
				CLANG_WARN_UNGUARDED_AVAILABILITY = YES_AGGRESSIVE;
				CLANG_WARN_UNREACHABLE_CODE = YES;
				CLANG_WARN__DUPLICATE_METHOD_MATCH = YES;
				COPY_PHASE_STRIP = NO;
				DEBUG_INFORMATION_FORMAT = dwarf;
				ENABLE_STRICT_OBJC_MSGSEND = YES;
				ENABLE_TESTABILITY = YES;
				GCC_C_LANGUAGE_STANDARD = gnu11;
				GCC_DYNAMIC_NO_PIC = NO;
				GCC_NO_COMMON_BLOCKS = YES;
				GCC_OPTIMIZATION_LEVEL = 0;
				GCC_PREPROCESSOR_DEFINITIONS = (
					"DEBUG=1",
					"$(inherited)",
				);
				GCC_WARN_64_TO_32_BIT_CONVERSION = YES;
				GCC_WARN_ABOUT_RETURN_TYPE = YES_ERROR;
				GCC_WARN_UNDECLARED_SELECTOR = YES;
				GCC_WARN_UNINITIALIZED_AUTOS = YES_AGGRESSIVE;
				GCC_WARN_UNUSED_FUNCTION = YES;
				GCC_WARN_UNUSED_VARIABLE = YES;
				IPHONEOS_DEPLOYMENT_TARGET = 16.1;
				MTL_ENABLE_DEBUG_INFO = INCLUDE_SOURCE;
				MTL_FAST_MATH = YES;
				ONLY_ACTIVE_ARCH = YES;
				SDKROOT = iphoneos;
				SWIFT_ACTIVE_COMPILATION_CONDITIONS = DEBUG;
				SWIFT_OPTIMIZATION_LEVEL = "-Onone";
			};
			name = Debug;
		};
		F3FB8A942949F50000E6FD98 /* Release */ = {
			isa = XCBuildConfiguration;
			buildSettings = {
				ALWAYS_SEARCH_USER_PATHS = NO;
				CLANG_ANALYZER_NONNULL = YES;
				CLANG_ANALYZER_NUMBER_OBJECT_CONVERSION = YES_AGGRESSIVE;
				CLANG_CXX_LANGUAGE_STANDARD = "gnu++20";
				CLANG_ENABLE_MODULES = YES;
				CLANG_ENABLE_OBJC_ARC = YES;
				CLANG_ENABLE_OBJC_WEAK = YES;
				CLANG_WARN_BLOCK_CAPTURE_AUTORELEASING = YES;
				CLANG_WARN_BOOL_CONVERSION = YES;
				CLANG_WARN_COMMA = YES;
				CLANG_WARN_CONSTANT_CONVERSION = YES;
				CLANG_WARN_DEPRECATED_OBJC_IMPLEMENTATIONS = YES;
				CLANG_WARN_DIRECT_OBJC_ISA_USAGE = YES_ERROR;
				CLANG_WARN_DOCUMENTATION_COMMENTS = YES;
				CLANG_WARN_EMPTY_BODY = YES;
				CLANG_WARN_ENUM_CONVERSION = YES;
				CLANG_WARN_INFINITE_RECURSION = YES;
				CLANG_WARN_INT_CONVERSION = YES;
				CLANG_WARN_NON_LITERAL_NULL_CONVERSION = YES;
				CLANG_WARN_OBJC_IMPLICIT_RETAIN_SELF = YES;
				CLANG_WARN_OBJC_LITERAL_CONVERSION = YES;
				CLANG_WARN_OBJC_ROOT_CLASS = YES_ERROR;
				CLANG_WARN_QUOTED_INCLUDE_IN_FRAMEWORK_HEADER = YES;
				CLANG_WARN_RANGE_LOOP_ANALYSIS = YES;
				CLANG_WARN_STRICT_PROTOTYPES = YES;
				CLANG_WARN_SUSPICIOUS_MOVE = YES;
				CLANG_WARN_UNGUARDED_AVAILABILITY = YES_AGGRESSIVE;
				CLANG_WARN_UNREACHABLE_CODE = YES;
				CLANG_WARN__DUPLICATE_METHOD_MATCH = YES;
				COPY_PHASE_STRIP = NO;
				DEBUG_INFORMATION_FORMAT = "dwarf-with-dsym";
				ENABLE_NS_ASSERTIONS = NO;
				ENABLE_STRICT_OBJC_MSGSEND = YES;
				GCC_C_LANGUAGE_STANDARD = gnu11;
				GCC_NO_COMMON_BLOCKS = YES;
				GCC_WARN_64_TO_32_BIT_CONVERSION = YES;
				GCC_WARN_ABOUT_RETURN_TYPE = YES_ERROR;
				GCC_WARN_UNDECLARED_SELECTOR = YES;
				GCC_WARN_UNINITIALIZED_AUTOS = YES_AGGRESSIVE;
				GCC_WARN_UNUSED_FUNCTION = YES;
				GCC_WARN_UNUSED_VARIABLE = YES;
				IPHONEOS_DEPLOYMENT_TARGET = 16.1;
				MTL_ENABLE_DEBUG_INFO = NO;
				MTL_FAST_MATH = YES;
				SDKROOT = iphoneos;
				SWIFT_COMPILATION_MODE = wholemodule;
				SWIFT_OPTIMIZATION_LEVEL = "-O";
				VALIDATE_PRODUCT = YES;
			};
			name = Release;
		};
		F3FB8A962949F50000E6FD98 /* Debug */ = {
			isa = XCBuildConfiguration;
			buildSettings = {
				ASSETCATALOG_COMPILER_APPICON_NAME = AppIcon;
				ASSETCATALOG_COMPILER_GLOBAL_ACCENT_COLOR_NAME = AccentColor;
				CODE_SIGN_STYLE = Automatic;
				CURRENT_PROJECT_VERSION = 1;
				DEVELOPMENT_TEAM = 8LNN887G52;
				GENERATE_INFOPLIST_FILE = YES;
				INFOPLIST_FILE = "hw 7 @svtbn/Info.plist";
				INFOPLIST_KEY_UIApplicationSupportsIndirectInputEvents = YES;
				INFOPLIST_KEY_UILaunchStoryboardName = LaunchScreen;
				INFOPLIST_KEY_UIMainStoryboardFile = Main;
				INFOPLIST_KEY_UISupportedInterfaceOrientations_iPad = "UIInterfaceOrientationPortrait UIInterfaceOrientationPortraitUpsideDown UIInterfaceOrientationLandscapeLeft UIInterfaceOrientationLandscapeRight";
				INFOPLIST_KEY_UISupportedInterfaceOrientations_iPhone = "UIInterfaceOrientationPortrait UIInterfaceOrientationLandscapeLeft UIInterfaceOrientationLandscapeRight";
				LD_RUNPATH_SEARCH_PATHS = (
					"$(inherited)",
					"@executable_path/Frameworks",
				);
				MARKETING_VERSION = 1.0;
				PRODUCT_BUNDLE_IDENTIFIER = "sb.hw-7--svtbn";
				PRODUCT_NAME = "$(TARGET_NAME)";
				SWIFT_EMIT_LOC_STRINGS = YES;
				SWIFT_VERSION = 5.0;
				TARGETED_DEVICE_FAMILY = "1,2";
			};
			name = Debug;
		};
		F3FB8A972949F50000E6FD98 /* Release */ = {
			isa = XCBuildConfiguration;
			buildSettings = {
				ASSETCATALOG_COMPILER_APPICON_NAME = AppIcon;
				ASSETCATALOG_COMPILER_GLOBAL_ACCENT_COLOR_NAME = AccentColor;
				CODE_SIGN_STYLE = Automatic;
				CURRENT_PROJECT_VERSION = 1;
				DEVELOPMENT_TEAM = 8LNN887G52;
				GENERATE_INFOPLIST_FILE = YES;
				INFOPLIST_FILE = "hw 7 @svtbn/Info.plist";
				INFOPLIST_KEY_UIApplicationSupportsIndirectInputEvents = YES;
				INFOPLIST_KEY_UILaunchStoryboardName = LaunchScreen;
				INFOPLIST_KEY_UIMainStoryboardFile = Main;
				INFOPLIST_KEY_UISupportedInterfaceOrientations_iPad = "UIInterfaceOrientationPortrait UIInterfaceOrientationPortraitUpsideDown UIInterfaceOrientationLandscapeLeft UIInterfaceOrientationLandscapeRight";
				INFOPLIST_KEY_UISupportedInterfaceOrientations_iPhone = "UIInterfaceOrientationPortrait UIInterfaceOrientationLandscapeLeft UIInterfaceOrientationLandscapeRight";
				LD_RUNPATH_SEARCH_PATHS = (
					"$(inherited)",
					"@executable_path/Frameworks",
				);
				MARKETING_VERSION = 1.0;
				PRODUCT_BUNDLE_IDENTIFIER = "sb.hw-7--svtbn";
				PRODUCT_NAME = "$(TARGET_NAME)";
				SWIFT_EMIT_LOC_STRINGS = YES;
				SWIFT_VERSION = 5.0;
				TARGETED_DEVICE_FAMILY = "1,2";
			};
			name = Release;
		};
/* End XCBuildConfiguration section */

/* Begin XCConfigurationList section */
		F3FB8A7C2949F4FF00E6FD98 /* Build configuration list for PBXProject "hw 7 @svtbn" */ = {
			isa = XCConfigurationList;
			buildConfigurations = (
				F3FB8A932949F50000E6FD98 /* Debug */,
				F3FB8A942949F50000E6FD98 /* Release */,
			);
			defaultConfigurationIsVisible = 0;
			defaultConfigurationName = Release;
		};
		F3FB8A952949F50000E6FD98 /* Build configuration list for PBXNativeTarget "hw 7 @svtbn" */ = {
			isa = XCConfigurationList;
			buildConfigurations = (
				F3FB8A962949F50000E6FD98 /* Debug */,
				F3FB8A972949F50000E6FD98 /* Release */,
			);
			defaultConfigurationIsVisible = 0;
			defaultConfigurationName = Release;
		};
/* End XCConfigurationList section */
	};
	rootObject = F3FB8A792949F4FF00E6FD98 /* Project object */;
}
